
Microsoft Visual Studio Solution File, Format Version 12.00
# Visual Studio 15
Project("{FAE04EC0-301F-11D3-BF4B-00C04F79EFBC}") = "VRM", "VRM.csproj", "{66945870-CB0A-1167-C8DE-39805468AE08}"
EndProject
Project("{FAE04EC0-301F-11D3-BF4B-00C04F79EFBC}") = "UniJSON", "UniJSON.csproj", "{FC01ED59-DE3A-CE4D-3241-50989B6EB15B}"
EndProject
Project("{FAE04EC0-301F-11D3-BF4B-00C04F79EFBC}") = "DepthFirstScheduler", "DepthFirstScheduler.csproj", "{C3620C56-5D5E-FB78-5D1B-F76C0458991B}"
EndProject
Project("{FAE04EC0-301F-11D3-BF4B-00C04F79EFBC}") = "MToon", "MToon.csproj", "{67E45E37-20C7-285F-4638-0DD44AB883EC}"
EndProject
Project("{FAE04EC0-301F-11D3-BF4B-00C04F79EFBC}") = "MeshUtility", "MeshUtility.csproj", "{AA57A4D7-0DAF-E3CF-8970-CCB0F8C8B10B}"
EndProject
Project("{FAE04EC0-301F-11D3-BF4B-00C04F79EFBC}") = "UniHumanoid", "UniHumanoid.csproj", "{F58F9983-BD10-D031-F4B9-1891E97464B3}"
EndProject
Project("{FAE04EC0-301F-11D3-BF4B-00C04F79EFBC}") = "ShaderProperty.Runtime", "ShaderProperty.Runtime.csproj", "{C7087C9A-D471-9150-D3F3-BA546FC3F522}"
EndProject
Project("{FAE04EC0-301F-11D3-BF4B-00C04F79EFBC}") = "Assembly-CSharp", "Assembly-CSharp.csproj", "{4D3AEAC8-DF1C-9C2A-6D9C-B3DA399B9DC7}"
EndProject
Project("{FAE04EC0-301F-11D3-BF4B-00C04F79EFBC}") = "UniUnlit", "UniUnlit.csproj", "{98AFC744-0514-129B-1038-A045EE073E86}"
EndProject
Project("{FAE04EC0-301F-11D3-BF4B-00C04F79EFBC}") = "UniJSON.Editor.Tests", "UniJSON.Editor.Tests.csproj", "{3E031F54-87EB-42EC-0A43-5DBA716FFAFC}"
EndProject
Project("{FAE04EC0-301F-11D3-BF4B-00C04F79EFBC}") = "UniVRM.Editor", "UniVRM.Editor.csproj", "{A40E3476-BEFD-A3A9-7D52-1E258E14AECB}"
EndProject
Project("{FAE04EC0-301F-11D3-BF4B-00C04F79EFBC}") = "MeshUtility.Editor", "MeshUtility.Editor.csproj", "{E2290872-33CC-9188-8F15-34F0665E51F0}"
EndProject
Project("{FAE04EC0-301F-11D3-BF4B-00C04F79EFBC}") = "UniHumanoid.Editor", "UniHumanoid.Editor.csproj", "{67004D5E-96DA-355C-098B-B68FA1BB705C}"
EndProject
Project("{FAE04EC0-301F-11D3-BF4B-00C04F79EFBC}") = "UniGLTF.Editor.Tests", "UniGLTF.Editor.Tests.csproj", "{FA2858ED-9113-DFFF-7C8B-4BC4AB6960FC}"
EndProject
Project("{FAE04EC0-301F-11D3-BF4B-00C04F79EFBC}") = "UniGLTF.Editor", "UniGLTF.Editor.csproj", "{2FCF1DC9-3701-6A9B-341C-71FC9F48F546}"
EndProject
Project("{FAE04EC0-301F-11D3-BF4B-00C04F79EFBC}") = "UniVRM.Editor.Tests", "UniVRM.Editor.Tests.csproj", "{1B93F31C-CE0F-EE60-0765-34EE16B27927}"
EndProject
Project("{FAE04EC0-301F-11D3-BF4B-00C04F79EFBC}") = "UniUnlit.Editor", "UniUnlit.Editor.csproj", "{C8DA1B38-66B7-22C1-C521-1B5224DD8F71}"
EndProject
Project("{FAE04EC0-301F-11D3-BF4B-00C04F79EFBC}") = "ShaderProperty.Editor", "ShaderProperty.Editor.csproj", "{D2A36170-F056-9F9D-C09F-4B6A59EB0ACD}"
EndProject
Project("{FAE04EC0-301F-11D3-BF4B-00C04F79EFBC}") = "MToon.Editor", "MToon.Editor.csproj", "{36A31A21-45DA-F052-77BF-950D7E66B699}"
EndProject
Project("{FAE04EC0-301F-11D3-BF4B-00C04F79EFBC}") = "DepthFirstScheduler.Editor.Tests", "DepthFirstScheduler.Editor.Tests.csproj", "{9B124A83-7419-908D-D03F-76C2BCFB2244}"
EndProject
Project("{FAE04EC0-301F-11D3-BF4B-00C04F79EFBC}") = "UniHumanoid.Editor.Tests", "UniHumanoid.Editor.Tests.csproj", "{053F87A4-F627-1656-E32E-FF0ED828A054}"
EndProject
Global
	GlobalSection(SolutionConfigurationPlatforms) = preSolution
		Debug|Any CPU = Debug|Any CPU
		Release|Any CPU = Release|Any CPU
	EndGlobalSection
	GlobalSection(ProjectConfigurationPlatforms) = postSolution
		{66945870-CB0A-1167-C8DE-39805468AE08}.Debug|Any CPU.ActiveCfg = Debug|Any CPU
		{66945870-CB0A-1167-C8DE-39805468AE08}.Debug|Any CPU.Build.0 = Debug|Any CPU
		{66945870-CB0A-1167-C8DE-39805468AE08}.Release|Any CPU.ActiveCfg = Release|Any CPU
		{66945870-CB0A-1167-C8DE-39805468AE08}.Release|Any CPU.Build.0 = Release|Any CPU
		{FC01ED59-DE3A-CE4D-3241-50989B6EB15B}.Debug|Any CPU.ActiveCfg = Debug|Any CPU
		{FC01ED59-DE3A-CE4D-3241-50989B6EB15B}.Debug|Any CPU.Build.0 = Debug|Any CPU
		{FC01ED59-DE3A-CE4D-3241-50989B6EB15B}.Release|Any CPU.ActiveCfg = Release|Any CPU
		{FC01ED59-DE3A-CE4D-3241-50989B6EB15B}.Release|Any CPU.Build.0 = Release|Any CPU
		{C3620C56-5D5E-FB78-5D1B-F76C0458991B}.Debug|Any CPU.ActiveCfg = Debug|Any CPU
		{C3620C56-5D5E-FB78-5D1B-F76C0458991B}.Debug|Any CPU.Build.0 = Debug|Any CPU
		{C3620C56-5D5E-FB78-5D1B-F76C0458991B}.Release|Any CPU.ActiveCfg = Release|Any CPU
		{C3620C56-5D5E-FB78-5D1B-F76C0458991B}.Release|Any CPU.Build.0 = Release|Any CPU
		{67E45E37-20C7-285F-4638-0DD44AB883EC}.Debug|Any CPU.ActiveCfg = Debug|Any CPU
		{67E45E37-20C7-285F-4638-0DD44AB883EC}.Debug|Any CPU.Build.0 = Debug|Any CPU
		{67E45E37-20C7-285F-4638-0DD44AB883EC}.Release|Any CPU.ActiveCfg = Release|Any CPU
		{67E45E37-20C7-285F-4638-0DD44AB883EC}.Release|Any CPU.Build.0 = Release|Any CPU
		{AA57A4D7-0DAF-E3CF-8970-CCB0F8C8B10B}.Debug|Any CPU.ActiveCfg = Debug|Any CPU
		{AA57A4D7-0DAF-E3CF-8970-CCB0F8C8B10B}.Debug|Any CPU.Build.0 = Debug|Any CPU
		{AA57A4D7-0DAF-E3CF-8970-CCB0F8C8B10B}.Release|Any CPU.ActiveCfg = Release|Any CPU
		{AA57A4D7-0DAF-E3CF-8970-CCB0F8C8B10B}.Release|Any CPU.Build.0 = Release|Any CPU
		{F58F9983-BD10-D031-F4B9-1891E97464B3}.Debug|Any CPU.ActiveCfg = Debug|Any CPU
		{F58F9983-BD10-D031-F4B9-1891E97464B3}.Debug|Any CPU.Build.0 = Debug|Any CPU
		{F58F9983-BD10-D031-F4B9-1891E97464B3}.Release|Any CPU.ActiveCfg = Release|Any CPU
		{F58F9983-BD10-D031-F4B9-1891E97464B3}.Release|Any CPU.Build.0 = Release|Any CPU
		{C7087C9A-D471-9150-D3F3-BA546FC3F522}.Debug|Any CPU.ActiveCfg = Debug|Any CPU
		{C7087C9A-D471-9150-D3F3-BA546FC3F522}.Debug|Any CPU.Build.0 = Debug|Any CPU
		{C7087C9A-D471-9150-D3F3-BA546FC3F522}.Release|Any CPU.ActiveCfg = Release|Any CPU
		{C7087C9A-D471-9150-D3F3-BA546FC3F522}.Release|Any CPU.Build.0 = Release|Any CPU
		{4D3AEAC8-DF1C-9C2A-6D9C-B3DA399B9DC7}.Debug|Any CPU.ActiveCfg = Debug|Any CPU
		{4D3AEAC8-DF1C-9C2A-6D9C-B3DA399B9DC7}.Debug|Any CPU.Build.0 = Debug|Any CPU
		{4D3AEAC8-DF1C-9C2A-6D9C-B3DA399B9DC7}.Release|Any CPU.ActiveCfg = Release|Any CPU
		{4D3AEAC8-DF1C-9C2A-6D9C-B3DA399B9DC7}.Release|Any CPU.Build.0 = Release|Any CPU
		{98AFC744-0514-129B-1038-A045EE073E86}.Debug|Any CPU.ActiveCfg = Debug|Any CPU
		{98AFC744-0514-129B-1038-A045EE073E86}.Debug|Any CPU.Build.0 = Debug|Any CPU
		{98AFC744-0514-129B-1038-A045EE073E86}.Release|Any CPU.ActiveCfg = Release|Any CPU
		{98AFC744-0514-129B-1038-A045EE073E86}.Release|Any CPU.Build.0 = Release|Any CPU
		{3E031F54-87EB-42EC-0A43-5DBA716FFAFC}.Debug|Any CPU.ActiveCfg = Debug|Any CPU
		{3E031F54-87EB-42EC-0A43-5DBA716FFAFC}.Debug|Any CPU.Build.0 = Debug|Any CPU
		{3E031F54-87EB-42EC-0A43-5DBA716FFAFC}.Release|Any CPU.ActiveCfg = Release|Any CPU
		{3E031F54-87EB-42EC-0A43-5DBA716FFAFC}.Release|Any CPU.Build.0 = Release|Any CPU
		{A40E3476-BEFD-A3A9-7D52-1E258E14AECB}.Debug|Any CPU.ActiveCfg = Debug|Any CPU
		{A40E3476-BEFD-A3A9-7D52-1E258E14AECB}.Debug|Any CPU.Build.0 = Debug|Any CPU
		{A40E3476-BEFD-A3A9-7D52-1E258E14AECB}.Release|Any CPU.ActiveCfg = Release|Any CPU
		{A40E3476-BEFD-A3A9-7D52-1E258E14AECB}.Release|Any CPU.Build.0 = Release|Any CPU
		{E2290872-33CC-9188-8F15-34F0665E51F0}.Debug|Any CPU.ActiveCfg = Debug|Any CPU
		{E2290872-33CC-9188-8F15-34F0665E51F0}.Debug|Any CPU.Build.0 = Debug|Any CPU
		{E2290872-33CC-9188-8F15-34F0665E51F0}.Release|Any CPU.ActiveCfg = Release|Any CPU
		{E2290872-33CC-9188-8F15-34F0665E51F0}.Release|Any CPU.Build.0 = Release|Any CPU
		{67004D5E-96DA-355C-098B-B68FA1BB705C}.Debug|Any CPU.ActiveCfg = Debug|Any CPU
		{67004D5E-96DA-355C-098B-B68FA1BB705C}.Debug|Any CPU.Build.0 = Debug|Any CPU
		{67004D5E-96DA-355C-098B-B68FA1BB705C}.Release|Any CPU.ActiveCfg = Release|Any CPU
		{67004D5E-96DA-355C-098B-B68FA1BB705C}.Release|Any CPU.Build.0 = Release|Any CPU
		{FA2858ED-9113-DFFF-7C8B-4BC4AB6960FC}.Debug|Any CPU.ActiveCfg = Debug|Any CPU
		{FA2858ED-9113-DFFF-7C8B-4BC4AB6960FC}.Debug|Any CPU.Build.0 = Debug|Any CPU
		{FA2858ED-9113-DFFF-7C8B-4BC4AB6960FC}.Release|Any CPU.ActiveCfg = Release|Any CPU
		{FA2858ED-9113-DFFF-7C8B-4BC4AB6960FC}.Release|Any CPU.Build.0 = Release|Any CPU
		{2FCF1DC9-3701-6A9B-341C-71FC9F48F546}.Debug|Any CPU.ActiveCfg = Debug|Any CPU
		{2FCF1DC9-3701-6A9B-341C-71FC9F48F546}.Debug|Any CPU.Build.0 = Debug|Any CPU
		{2FCF1DC9-3701-6A9B-341C-71FC9F48F546}.Release|Any CPU.ActiveCfg = Release|Any CPU
		{2FCF1DC9-3701-6A9B-341C-71FC9F48F546}.Release|Any CPU.Build.0 = Release|Any CPU
		{1B93F31C-CE0F-EE60-0765-34EE16B27927}.Debug|Any CPU.ActiveCfg = Debug|Any CPU
		{1B93F31C-CE0F-EE60-0765-34EE16B27927}.Debug|Any CPU.Build.0 = Debug|Any CPU
		{1B93F31C-CE0F-EE60-0765-34EE16B27927}.Release|Any CPU.ActiveCfg = Release|Any CPU
		{1B93F31C-CE0F-EE60-0765-34EE16B27927}.Release|Any CPU.Build.0 = Release|Any CPU
		{C8DA1B38-66B7-22C1-C521-1B5224DD8F71}.Debug|Any CPU.ActiveCfg = Debug|Any CPU
		{C8DA1B38-66B7-22C1-C521-1B5224DD8F71}.Debug|Any CPU.Build.0 = Debug|Any CPU
		{C8DA1B38-66B7-22C1-C521-1B5224DD8F71}.Release|Any CPU.ActiveCfg = Release|Any CPU
		{C8DA1B38-66B7-22C1-C521-1B5224DD8F71}.Release|Any CPU.Build.0 = Release|Any CPU
		{D2A36170-F056-9F9D-C09F-4B6A59EB0ACD}.Debug|Any CPU.ActiveCfg = Debug|Any CPU
		{D2A36170-F056-9F9D-C09F-4B6A59EB0ACD}.Debug|Any CPU.Build.0 = Debug|Any CPU
		{D2A36170-F056-9F9D-C09F-4B6A59EB0ACD}.Release|Any CPU.ActiveCfg = Release|Any CPU
		{D2A36170-F056-9F9D-C09F-4B6A59EB0ACD}.Release|Any CPU.Build.0 = Release|Any CPU
		{36A31A21-45DA-F052-77BF-950D7E66B699}.Debug|Any CPU.ActiveCfg = Debug|Any CPU
		{36A31A21-45DA-F052-77BF-950D7E66B699}.Debug|Any CPU.Build.0 = Debug|Any CPU
		{36A31A21-45DA-F052-77BF-950D7E66B699}.Release|Any CPU.ActiveCfg = Release|Any CPU
		{36A31A21-45DA-F052-77BF-950D7E66B699}.Release|Any CPU.Build.0 = Release|Any CPU
		{9B124A83-7419-908D-D03F-76C2BCFB2244}.Debug|Any CPU.ActiveCfg = Debug|Any CPU
		{9B124A83-7419-908D-D03F-76C2BCFB2244}.Debug|Any CPU.Build.0 = Debug|Any CPU
		{9B124A83-7419-908D-D03F-76C2BCFB2244}.Release|Any CPU.ActiveCfg = Release|Any CPU
		{9B124A83-7419-908D-D03F-76C2BCFB2244}.Release|Any CPU.Build.0 = Release|Any CPU
		{053F87A4-F627-1656-E32E-FF0ED828A054}.Debug|Any CPU.ActiveCfg = Debug|Any CPU
		{053F87A4-F627-1656-E32E-FF0ED828A054}.Debug|Any CPU.Build.0 = Debug|Any CPU
		{053F87A4-F627-1656-E32E-FF0ED828A054}.Release|Any CPU.ActiveCfg = Release|Any CPU
		{053F87A4-F627-1656-E32E-FF0ED828A054}.Release|Any CPU.Build.0 = Release|Any CPU
	EndGlobalSection
	GlobalSection(SolutionProperties) = preSolution
		HideSolutionNode = FALSE
	EndGlobalSection
EndGlobal
